
Microsoft Visual Studio Solution File, Format Version 12.00
# Visual Studio 15
VisualStudioVersion = 15.0.28010.2019
MinimumVisualStudioVersion = 10.0.40219.1
Project("{FAE04EC0-301F-11D3-BF4B-00C04F79EFBC}") = "program", "program\program.csproj", "{9E478F09-9FEB-4715-92C3-CF87FEE2D44E}"
EndProject
Global
	GlobalSection(SolutionConfigurationPlatforms) = preSolution
		Debug|Any CPU = Debug|Any CPU
		Release|Any CPU = Release|Any CPU
	EndGlobalSection
	GlobalSection(ProjectConfigurationPlatforms) = postSolution
		{9E478F09-9FEB-4715-92C3-CF87FEE2D44E}.Debug|Any CPU.ActiveCfg = Debug|Any CPU
		{9E478F09-9FEB-4715-92C3-CF87FEE2D44E}.Debug|Any CPU.Build.0 = Debug|Any CPU
		{9E478F09-9FEB-4715-92C3-CF87FEE2D44E}.Release|Any CPU.ActiveCfg = Release|Any CPU
		{9E478F09-9FEB-4715-92C3-CF87FEE2D44E}.Release|Any CPU.Build.0 = Release|Any CPU
	EndGlobalSection
	GlobalSection(SolutionProperties) = preSolution
		HideSolutionNode = FALSE
	EndGlobalSection
	GlobalSection(ExtensibilityGlobals) = postSolution
		SolutionGuid = {BF4C1FA2-3888-4A07-A058-B44B3F4BAAC0}
	EndGlobalSection
EndGlobal
